
Microsoft Visual Studio Solution File, Format Version 12.00
# Visual Studio 2013
VisualStudioVersion = 12.0.31101.0
MinimumVisualStudioVersion = 10.0.40219.1
Project("{2150E333-8FDC-42A3-9474-1A3956D46DE8}") = "Solution Items", "Solution Items", "{3C1B1231-A27A-4B27-87BD-60728691ECA5}"
	ProjectSection(SolutionItems) = preProject
		TODO.txt = TODO.txt
	EndProjectSection
EndProject
Project("{FAE04EC0-301F-11D3-BF4B-00C04F79EFBC}") = "AudioAnalyzer.Provider.Server", "AudioAnalyzer.Provider.Server\AudioAnalyzer.Provider.Server.csproj", "{7A51BD5E-69EF-4945-AB7F-72947625F969}"
EndProject
Project("{FAE04EC0-301F-11D3-BF4B-00C04F79EFBC}") = "AudioAnalyzer.Common", "AudioAnalyzer.Common\AudioAnalyzer.Common.csproj", "{6BA71561-40B6-4D6B-9EC0-3D0F90ACC80A}"
EndProject
Project("{FAE04EC0-301F-11D3-BF4B-00C04F79EFBC}") = "AudioAnalyzer.Provider.Host", "AudioAnalyzer.Provider.Host\AudioAnalyzer.Provider.Host.csproj", "{CFCF5C6E-D2E5-4309-8711-26ACFAAFAF50}"
EndProject
Project("{FAE04EC0-301F-11D3-BF4B-00C04F79EFBC}") = "AudioAnalyzer.Distributor.Server", "AudioAnalyzer.Distributor.Server\AudioAnalyzer.Distributor.Server.csproj", "{22BEC4A4-F22F-4EB8-8008-CB27B9D9762E}"
EndProject
Project("{FAE04EC0-301F-11D3-BF4B-00C04F79EFBC}") = "AudioAnalyzer.Distributor.Host", "AudioAnalyzer.Distributor.Host\AudioAnalyzer.Distributor.Host.csproj", "{C29FC97C-B34D-421F-BA6B-502BE5AA4C1A}"
EndProject
Project("{FAE04EC0-301F-11D3-BF4B-00C04F79EFBC}") = "AudioAnalyzer.Client", "AudioAnalyzer.Client\AudioAnalyzer.Client.csproj", "{1D9B93A4-CE37-4FA0-9BE5-00D2FBFA86C6}"
EndProject
Global
	GlobalSection(SolutionConfigurationPlatforms) = preSolution
		Debug|Any CPU = Debug|Any CPU
		Release|Any CPU = Release|Any CPU
	EndGlobalSection
	GlobalSection(ProjectConfigurationPlatforms) = postSolution
		{7A51BD5E-69EF-4945-AB7F-72947625F969}.Debug|Any CPU.ActiveCfg = Debug|Any CPU
		{7A51BD5E-69EF-4945-AB7F-72947625F969}.Debug|Any CPU.Build.0 = Debug|Any CPU
		{7A51BD5E-69EF-4945-AB7F-72947625F969}.Release|Any CPU.ActiveCfg = Release|Any CPU
		{7A51BD5E-69EF-4945-AB7F-72947625F969}.Release|Any CPU.Build.0 = Release|Any CPU
		{6BA71561-40B6-4D6B-9EC0-3D0F90ACC80A}.Debug|Any CPU.ActiveCfg = Debug|Any CPU
		{6BA71561-40B6-4D6B-9EC0-3D0F90ACC80A}.Debug|Any CPU.Build.0 = Debug|Any CPU
		{6BA71561-40B6-4D6B-9EC0-3D0F90ACC80A}.Release|Any CPU.ActiveCfg = Release|Any CPU
		{6BA71561-40B6-4D6B-9EC0-3D0F90ACC80A}.Release|Any CPU.Build.0 = Release|Any CPU
		{CFCF5C6E-D2E5-4309-8711-26ACFAAFAF50}.Debug|Any CPU.ActiveCfg = Debug|Any CPU
		{CFCF5C6E-D2E5-4309-8711-26ACFAAFAF50}.Debug|Any CPU.Build.0 = Debug|Any CPU
		{CFCF5C6E-D2E5-4309-8711-26ACFAAFAF50}.Release|Any CPU.ActiveCfg = Release|Any CPU
		{CFCF5C6E-D2E5-4309-8711-26ACFAAFAF50}.Release|Any CPU.Build.0 = Release|Any CPU
		{22BEC4A4-F22F-4EB8-8008-CB27B9D9762E}.Debug|Any CPU.ActiveCfg = Debug|Any CPU
		{22BEC4A4-F22F-4EB8-8008-CB27B9D9762E}.Debug|Any CPU.Build.0 = Debug|Any CPU
		{22BEC4A4-F22F-4EB8-8008-CB27B9D9762E}.Release|Any CPU.ActiveCfg = Release|Any CPU
		{22BEC4A4-F22F-4EB8-8008-CB27B9D9762E}.Release|Any CPU.Build.0 = Release|Any CPU
		{C29FC97C-B34D-421F-BA6B-502BE5AA4C1A}.Debug|Any CPU.ActiveCfg = Debug|Any CPU
		{C29FC97C-B34D-421F-BA6B-502BE5AA4C1A}.Debug|Any CPU.Build.0 = Debug|Any CPU
		{C29FC97C-B34D-421F-BA6B-502BE5AA4C1A}.Release|Any CPU.ActiveCfg = Release|Any CPU
		{C29FC97C-B34D-421F-BA6B-502BE5AA4C1A}.Release|Any CPU.Build.0 = Release|Any CPU
		{1D9B93A4-CE37-4FA0-9BE5-00D2FBFA86C6}.Debug|Any CPU.ActiveCfg = Debug|Any CPU
		{1D9B93A4-CE37-4FA0-9BE5-00D2FBFA86C6}.Debug|Any CPU.Build.0 = Debug|Any CPU
		{1D9B93A4-CE37-4FA0-9BE5-00D2FBFA86C6}.Release|Any CPU.ActiveCfg = Release|Any CPU
		{1D9B93A4-CE37-4FA0-9BE5-00D2FBFA86C6}.Release|Any CPU.Build.0 = Release|Any CPU
	EndGlobalSection
	GlobalSection(SolutionProperties) = preSolution
		HideSolutionNode = FALSE
	EndGlobalSection
EndGlobal
